
Microsoft Visual Studio Solution File, Format Version 12.00
# Visual Studio 2013
VisualStudioVersion = 12.0.40629.0
MinimumVisualStudioVersion = 10.0.40219.1
Project("{FAE04EC0-301F-11D3-BF4B-00C04F79EFBC}") = "Brotli.NET", "Brotli.NET\Brotli.NET.csproj", "{2AE0D83F-BBF7-4A97-9168-94CD26D0CB9F}"
EndProject
Project("{FAE04EC0-301F-11D3-BF4B-00C04F79EFBC}") = "TestBrotli", "TestBrotli\TestBrotli.csproj", "{2B5BD60E-BF5E-4197-8DD1-B29D07EC11CD}"
EndProject
Global
	GlobalSection(SolutionConfigurationPlatforms) = preSolution
		Debug|Any CPU = Debug|Any CPU
		Release|Any CPU = Release|Any CPU
	EndGlobalSection
	GlobalSection(ProjectConfigurationPlatforms) = postSolution
		{2AE0D83F-BBF7-4A97-9168-94CD26D0CB9F}.Debug|Any CPU.ActiveCfg = Debug|Any CPU
		{2AE0D83F-BBF7-4A97-9168-94CD26D0CB9F}.Debug|Any CPU.Build.0 = Debug|Any CPU
		{2AE0D83F-BBF7-4A97-9168-94CD26D0CB9F}.Release|Any CPU.ActiveCfg = Release|Any CPU
		{2AE0D83F-BBF7-4A97-9168-94CD26D0CB9F}.Release|Any CPU.Build.0 = Release|Any CPU
		{2B5BD60E-BF5E-4197-8DD1-B29D07EC11CD}.Debug|Any CPU.ActiveCfg = Debug|Any CPU
		{2B5BD60E-BF5E-4197-8DD1-B29D07EC11CD}.Debug|Any CPU.Build.0 = Debug|Any CPU
		{2B5BD60E-BF5E-4197-8DD1-B29D07EC11CD}.Release|Any CPU.ActiveCfg = Release|Any CPU
		{2B5BD60E-BF5E-4197-8DD1-B29D07EC11CD}.Release|Any CPU.Build.0 = Release|Any CPU
	EndGlobalSection
	GlobalSection(SolutionProperties) = preSolution
		HideSolutionNode = FALSE
	EndGlobalSection
EndGlobal
