
Microsoft Visual Studio Solution File, Format Version 12.00
# Visual Studio 15
VisualStudioVersion = 15.0.28307.329
MinimumVisualStudioVersion = 10.0.40219.1
Project("{9A19103F-16F7-4668-BE54-9A1E7A4F7556}") = "Brotli.Core", "Brotli.Core\Brotli.Core.csproj", "{7FEB8D81-FDA4-444B-937E-DFFF43921F7A}"
EndProject
Project("{9A19103F-16F7-4668-BE54-9A1E7A4F7556}") = "TestBrotli", "TestBrotli\TestBrotli.csproj", "{1BB4F249-0ED5-49E8-97EC-4A5FF495B296}"
EndProject
Project("{FAE04EC0-301F-11D3-BF4B-00C04F79EFBC}") = "FX45TestBrotli", "FX45TestBrotli\FX45TestBrotli.csproj", "{4AF58FA9-B499-424B-BFF7-B8DDDF6481B7}"
EndProject
Global
	GlobalSection(SolutionConfigurationPlatforms) = preSolution
		Debug|Any CPU = Debug|Any CPU
		Release|Any CPU = Release|Any CPU
	EndGlobalSection
	GlobalSection(ProjectConfigurationPlatforms) = postSolution
		{7FEB8D81-FDA4-444B-937E-DFFF43921F7A}.Debug|Any CPU.ActiveCfg = Debug|Any CPU
		{7FEB8D81-FDA4-444B-937E-DFFF43921F7A}.Debug|Any CPU.Build.0 = Debug|Any CPU
		{7FEB8D81-FDA4-444B-937E-DFFF43921F7A}.Release|Any CPU.ActiveCfg = Release|Any CPU
		{7FEB8D81-FDA4-444B-937E-DFFF43921F7A}.Release|Any CPU.Build.0 = Release|Any CPU
		{1BB4F249-0ED5-49E8-97EC-4A5FF495B296}.Debug|Any CPU.ActiveCfg = Debug|Any CPU
		{1BB4F249-0ED5-49E8-97EC-4A5FF495B296}.Debug|Any CPU.Build.0 = Debug|Any CPU
		{1BB4F249-0ED5-49E8-97EC-4A5FF495B296}.Release|Any CPU.ActiveCfg = Release|Any CPU
		{1BB4F249-0ED5-49E8-97EC-4A5FF495B296}.Release|Any CPU.Build.0 = Release|Any CPU
		{4AF58FA9-B499-424B-BFF7-B8DDDF6481B7}.Debug|Any CPU.ActiveCfg = Debug|Any CPU
		{4AF58FA9-B499-424B-BFF7-B8DDDF6481B7}.Debug|Any CPU.Build.0 = Debug|Any CPU
		{4AF58FA9-B499-424B-BFF7-B8DDDF6481B7}.Release|Any CPU.ActiveCfg = Release|Any CPU
		{4AF58FA9-B499-424B-BFF7-B8DDDF6481B7}.Release|Any CPU.Build.0 = Release|Any CPU
	EndGlobalSection
	GlobalSection(SolutionProperties) = preSolution
		HideSolutionNode = FALSE
	EndGlobalSection
	GlobalSection(ExtensibilityGlobals) = postSolution
		SolutionGuid = {AEB49A59-ADF0-45B7-BF15-0589D9FDA649}
	EndGlobalSection
EndGlobal
